# @generated by Move, please check-in and do not edit manually.

[move]
version = 3

dependencies = [
  { id = "Sui", name = "Sui" },
]
manifest_digest = "560612A56A9CFFC46772DECD068FFEEA28123B3B961A030BE01BEEC4ADF1583D"
deps_digest = "F8BBB0CCB2491CA29A3DF03D6F92277A4F3574266507ACD77214D37ECA3F3082"

[[move.package]]
id = "MoveStdlib"
source = { git = "https://github.com/MystenLabs/sui.git", rev = "mainnet-v1.41.1", subdir = "crates/sui-framework/packages/move-stdlib" }

[[move.package]]
id = "Sui"
source = { git = "https://github.com/MystenLabs/sui.git", rev = "mainnet-v1.41.1", subdir = "crates/sui-framework/packages/sui-framework" }

dependencies = [
  { id = "MoveStdlib", name = "MoveStdlib" },
]

[move.toolchain-version]
compiler-version = "1.41.1"
edition = "2024"
flavor = "sui"

[env]

[env.testnet]
chain-id = "4c78adac"
original-published-id = "0x7675334bcfd81e7a3268ff0b9c8611b20c68b259c46ce840f6237d3018368cb6"
latest-published-id = "0x751e644db3e3b152caf1ff9f6037e77e6dd9d860ef54a8176b901104f617c5f4"
published-version = "2"

[env.mainnet]
chain-id = "35834a8a"
original-published-id = "0x659c0e9c4c8a416f040fa758d4fc4073a5fdd1fed97edadcd5cba5180fb36246"
latest-published-id = "0x371953ac3c515695d04d1c77238ba9b0f251564ef8cf4b69d9261027d4f04fcf"
published-version = "2"

[env.local]
chain-id = "e87423db"
original-published-id = "0xcf3bf49d33c0b7aa41f2f480345332e74ab8b21e64da1174ebaae8c3aaca6fd8"
latest-published-id = "0xb50df15ae2bcc1529660301ebc4c64a1031c75748568dd51701ba7c51a036cca"
published-version = "2"
